
Microsoft Visual Studio Solution File, Format Version 12.00
# Visual Studio Version 16
VisualStudioVersion = 16.0.31025.194
MinimumVisualStudioVersion = 10.0.40219.1
Project("{9A19103F-16F7-4668-BE54-9A1E7A4F7556}") = "Service.Sdk", "Service.Sdk\Service.Sdk.csproj", "{1E5B4162-CF94-4866-A826-1314A535EE12}"
EndProject
Project("{9A19103F-16F7-4668-BE54-9A1E7A4F7556}") = "Service.Sdk.Tests", "Service.Sdk.Tests\Service.Sdk.Tests.csproj", "{0CB2B522-467B-4589-B2A0-523B85DC6DEA}"
EndProject
Project("{2150E333-8FDC-42A3-9474-1A3956D46DE8}") = "Solution Items", "Solution Items", "{B6840E79-28E9-4987-BC23-442F4C18FC17}"
	ProjectSection(SolutionItems) = preProject
		..\..\.github\workflows\Services.Sdk-ci.yml = ..\..\.github\workflows\Services.Sdk-ci.yml
	EndProjectSection
EndProject
Global
	GlobalSection(SolutionConfigurationPlatforms) = preSolution
		Debug|Any CPU = Debug|Any CPU
		Release|Any CPU = Release|Any CPU
	EndGlobalSection
	GlobalSection(ProjectConfigurationPlatforms) = postSolution
		{1E5B4162-CF94-4866-A826-1314A535EE12}.Debug|Any CPU.ActiveCfg = Debug|Any CPU
		{1E5B4162-CF94-4866-A826-1314A535EE12}.Debug|Any CPU.Build.0 = Debug|Any CPU
		{1E5B4162-CF94-4866-A826-1314A535EE12}.Release|Any CPU.ActiveCfg = Release|Any CPU
		{1E5B4162-CF94-4866-A826-1314A535EE12}.Release|Any CPU.Build.0 = Release|Any CPU
		{0CB2B522-467B-4589-B2A0-523B85DC6DEA}.Debug|Any CPU.ActiveCfg = Debug|Any CPU
		{0CB2B522-467B-4589-B2A0-523B85DC6DEA}.Debug|Any CPU.Build.0 = Debug|Any CPU
		{0CB2B522-467B-4589-B2A0-523B85DC6DEA}.Release|Any CPU.ActiveCfg = Release|Any CPU
		{0CB2B522-467B-4589-B2A0-523B85DC6DEA}.Release|Any CPU.Build.0 = Release|Any CPU
	EndGlobalSection
	GlobalSection(SolutionProperties) = preSolution
		HideSolutionNode = FALSE
	EndGlobalSection
	GlobalSection(ExtensibilityGlobals) = postSolution
		SolutionGuid = {EF3C48E9-24BC-48C7-B8BD-BE86169D1B50}
	EndGlobalSection
EndGlobal
