
Microsoft Visual Studio Solution File, Format Version 12.00
# Visual Studio Version 16
VisualStudioVersion = 16.0.31025.194
MinimumVisualStudioVersion = 10.0.40219.1
Project("{FAE04EC0-301F-11D3-BF4B-00C04F79EFBC}") = "Service.Sdk", "Service.Sdk\Service.Sdk.csproj", "{1E5B4162-CF94-4866-A826-1314A535EE12}"
EndProject
Project("{FAE04EC0-301F-11D3-BF4B-00C04F79EFBC}") = "Service.Sdk.Contracts", "Service.Sdk.Contracts\Service.Sdk.Contracts.csproj", "{9676A2A9-ED11-4DC2-81F1-CD0A7CA8C51F}"
EndProject
Project("{FAE04EC0-301F-11D3-BF4B-00C04F79EFBC}") = "Service.Sdk.Tests", "Service.Sdk.Tests\Service.Sdk.Tests.csproj", "{0CB2B522-467B-4589-B2A0-523B85DC6DEA}"
EndProject
Global
	GlobalSection(SolutionConfigurationPlatforms) = preSolution
		Debug|Any CPU = Debug|Any CPU
		Release|Any CPU = Release|Any CPU
	EndGlobalSection
	GlobalSection(ProjectConfigurationPlatforms) = postSolution
		{1E5B4162-CF94-4866-A826-1314A535EE12}.Debug|Any CPU.ActiveCfg = Debug|Any CPU
		{1E5B4162-CF94-4866-A826-1314A535EE12}.Debug|Any CPU.Build.0 = Debug|Any CPU
		{1E5B4162-CF94-4866-A826-1314A535EE12}.Release|Any CPU.ActiveCfg = Release|Any CPU
		{1E5B4162-CF94-4866-A826-1314A535EE12}.Release|Any CPU.Build.0 = Release|Any CPU
		{9676A2A9-ED11-4DC2-81F1-CD0A7CA8C51F}.Debug|Any CPU.ActiveCfg = Debug|Any CPU
		{9676A2A9-ED11-4DC2-81F1-CD0A7CA8C51F}.Debug|Any CPU.Build.0 = Debug|Any CPU
		{9676A2A9-ED11-4DC2-81F1-CD0A7CA8C51F}.Release|Any CPU.ActiveCfg = Release|Any CPU
		{9676A2A9-ED11-4DC2-81F1-CD0A7CA8C51F}.Release|Any CPU.Build.0 = Release|Any CPU
		{0CB2B522-467B-4589-B2A0-523B85DC6DEA}.Debug|Any CPU.ActiveCfg = Debug|Any CPU
		{0CB2B522-467B-4589-B2A0-523B85DC6DEA}.Debug|Any CPU.Build.0 = Debug|Any CPU
		{0CB2B522-467B-4589-B2A0-523B85DC6DEA}.Release|Any CPU.ActiveCfg = Release|Any CPU
		{0CB2B522-467B-4589-B2A0-523B85DC6DEA}.Release|Any CPU.Build.0 = Release|Any CPU
	EndGlobalSection
	GlobalSection(SolutionProperties) = preSolution
		HideSolutionNode = FALSE
	EndGlobalSection
	GlobalSection(ExtensibilityGlobals) = postSolution
		SolutionGuid = {EF3C48E9-24BC-48C7-B8BD-BE86169D1B50}
	EndGlobalSection
EndGlobal
