
Microsoft Visual Studio Solution File, Format Version 12.00
# Visual Studio Version 16
VisualStudioVersion = 16.0.31025.194
MinimumVisualStudioVersion = 10.0.40219.1
Project("{9A19103F-16F7-4668-BE54-9A1E7A4F7556}") = "MongoDatabase", "MongoDatabase\MongoDatabase.csproj", "{3C2ECF5C-E4B8-47A1-9FBF-B19D6F7E626F}"
EndProject
Project("{9A19103F-16F7-4668-BE54-9A1E7A4F7556}") = "MongoDatabase.Tests", "MongoDatabase.Tests\MongoDatabase.Tests.csproj", "{21BE8F60-73CF-41A5-BACD-78C7AA0DA1F4}"
EndProject
Project("{2150E333-8FDC-42A3-9474-1A3956D46DE8}") = "Solution Items", "Solution Items", "{9F56AE66-B554-4BDE-A5FF-E6C5EA043991}"
	ProjectSection(SolutionItems) = preProject
		.gitignore = .gitignore
		..\..\.github\workflows\Generic-Nuget.config = ..\..\.github\workflows\Generic-Nuget.config
		..\..\.github\workflows\MongoDb-ci.yml = ..\..\.github\workflows\MongoDb-ci.yml
	EndProjectSection
EndProject
Global
	GlobalSection(SolutionConfigurationPlatforms) = preSolution
		Debug|Any CPU = Debug|Any CPU
		Release|Any CPU = Release|Any CPU
	EndGlobalSection
	GlobalSection(ProjectConfigurationPlatforms) = postSolution
		{3C2ECF5C-E4B8-47A1-9FBF-B19D6F7E626F}.Debug|Any CPU.ActiveCfg = Debug|Any CPU
		{3C2ECF5C-E4B8-47A1-9FBF-B19D6F7E626F}.Debug|Any CPU.Build.0 = Debug|Any CPU
		{3C2ECF5C-E4B8-47A1-9FBF-B19D6F7E626F}.Release|Any CPU.ActiveCfg = Release|Any CPU
		{3C2ECF5C-E4B8-47A1-9FBF-B19D6F7E626F}.Release|Any CPU.Build.0 = Release|Any CPU
		{21BE8F60-73CF-41A5-BACD-78C7AA0DA1F4}.Debug|Any CPU.ActiveCfg = Debug|Any CPU
		{21BE8F60-73CF-41A5-BACD-78C7AA0DA1F4}.Debug|Any CPU.Build.0 = Debug|Any CPU
		{21BE8F60-73CF-41A5-BACD-78C7AA0DA1F4}.Release|Any CPU.ActiveCfg = Release|Any CPU
		{21BE8F60-73CF-41A5-BACD-78C7AA0DA1F4}.Release|Any CPU.Build.0 = Release|Any CPU
	EndGlobalSection
	GlobalSection(SolutionProperties) = preSolution
		HideSolutionNode = FALSE
	EndGlobalSection
	GlobalSection(ExtensibilityGlobals) = postSolution
		SolutionGuid = {6106F0DB-3317-47CD-9878-1EE9E6E0635D}
	EndGlobalSection
EndGlobal
