
Microsoft Visual Studio Solution File, Format Version 12.00
# Visual Studio Version 16
VisualStudioVersion = 16.0.31025.194
MinimumVisualStudioVersion = 10.0.40219.1
Project("{9A19103F-16F7-4668-BE54-9A1E7A4F7556}") = "AuthApi", "AuthApi\AuthApi.csproj", "{2B132A1E-2E8B-4383-88F5-F9DCF6FBEB5B}"
EndProject
Project("{9A19103F-16F7-4668-BE54-9A1E7A4F7556}") = "AuthApi.Tests", "AuthApi.Tests\AuthApi.Tests.csproj", "{CC1D9BBA-D4F5-4A81-A23D-78FB819C0015}"
EndProject
Project("{2150E333-8FDC-42A3-9474-1A3956D46DE8}") = "Solution Items", "Solution Items", "{2F66EA79-B2F2-4DC4-B4E1-2D86A4B4E079}"
	ProjectSection(SolutionItems) = preProject
		.gitignore = .gitignore
		AuthApi.postman_collection.json = AuthApi.postman_collection.json
		.github\workflows\ci.yml = .github\workflows\ci.yml
	EndProjectSection
EndProject
Global
	GlobalSection(SolutionConfigurationPlatforms) = preSolution
		Debug|Any CPU = Debug|Any CPU
		Release|Any CPU = Release|Any CPU
	EndGlobalSection
	GlobalSection(ProjectConfigurationPlatforms) = postSolution
		{2B132A1E-2E8B-4383-88F5-F9DCF6FBEB5B}.Debug|Any CPU.ActiveCfg = Debug|Any CPU
		{2B132A1E-2E8B-4383-88F5-F9DCF6FBEB5B}.Debug|Any CPU.Build.0 = Debug|Any CPU
		{2B132A1E-2E8B-4383-88F5-F9DCF6FBEB5B}.Release|Any CPU.ActiveCfg = Release|Any CPU
		{2B132A1E-2E8B-4383-88F5-F9DCF6FBEB5B}.Release|Any CPU.Build.0 = Release|Any CPU
		{CC1D9BBA-D4F5-4A81-A23D-78FB819C0015}.Debug|Any CPU.ActiveCfg = Debug|Any CPU
		{CC1D9BBA-D4F5-4A81-A23D-78FB819C0015}.Debug|Any CPU.Build.0 = Debug|Any CPU
		{CC1D9BBA-D4F5-4A81-A23D-78FB819C0015}.Release|Any CPU.ActiveCfg = Release|Any CPU
		{CC1D9BBA-D4F5-4A81-A23D-78FB819C0015}.Release|Any CPU.Build.0 = Release|Any CPU
	EndGlobalSection
	GlobalSection(SolutionProperties) = preSolution
		HideSolutionNode = FALSE
	EndGlobalSection
	GlobalSection(ExtensibilityGlobals) = postSolution
		SolutionGuid = {3FFC488E-44B7-4F19-8825-CA11237B2DDC}
	EndGlobalSection
EndGlobal
