
Microsoft Visual Studio Solution File, Format Version 12.00
# Visual Studio Version 16
VisualStudioVersion = 16.0.31025.194
MinimumVisualStudioVersion = 10.0.40219.1
Project("{9A19103F-16F7-4668-BE54-9A1E7A4F7556}") = "ShopNothingToBuy.Sdk", "ShopNothingToBuy.Sdk\ShopNothingToBuy.Sdk.csproj", "{E2A7A5B6-B4C9-49FF-91D1-6277317748CB}"
EndProject
Project("{2150E333-8FDC-42A3-9474-1A3956D46DE8}") = "Solution Items", "Solution Items", "{C0A3935F-1809-4BFD-9544-3C224F902464}"
	ProjectSection(SolutionItems) = preProject
		..\.github\workflows\ShopNothingToBuy.Sdk-ci.yml = ..\.github\workflows\ShopNothingToBuy.Sdk-ci.yml
	EndProjectSection
EndProject
Project("{FAE04EC0-301F-11D3-BF4B-00C04F79EFBC}") = "ShopNothingToBuy.Sdk.Test", "ShopNothingToBuy.Sdk.Test\ShopNothingToBuy.Sdk.Test.csproj", "{A7042D3A-7E1F-48A2-867C-96AFCF7519B2}"
EndProject
Global
	GlobalSection(SolutionConfigurationPlatforms) = preSolution
		Debug|Any CPU = Debug|Any CPU
		Release|Any CPU = Release|Any CPU
	EndGlobalSection
	GlobalSection(ProjectConfigurationPlatforms) = postSolution
		{E2A7A5B6-B4C9-49FF-91D1-6277317748CB}.Debug|Any CPU.ActiveCfg = Debug|Any CPU
		{E2A7A5B6-B4C9-49FF-91D1-6277317748CB}.Debug|Any CPU.Build.0 = Debug|Any CPU
		{E2A7A5B6-B4C9-49FF-91D1-6277317748CB}.Release|Any CPU.ActiveCfg = Release|Any CPU
		{E2A7A5B6-B4C9-49FF-91D1-6277317748CB}.Release|Any CPU.Build.0 = Release|Any CPU
		{A7042D3A-7E1F-48A2-867C-96AFCF7519B2}.Debug|Any CPU.ActiveCfg = Debug|Any CPU
		{A7042D3A-7E1F-48A2-867C-96AFCF7519B2}.Debug|Any CPU.Build.0 = Debug|Any CPU
		{A7042D3A-7E1F-48A2-867C-96AFCF7519B2}.Release|Any CPU.ActiveCfg = Release|Any CPU
		{A7042D3A-7E1F-48A2-867C-96AFCF7519B2}.Release|Any CPU.Build.0 = Release|Any CPU
	EndGlobalSection
	GlobalSection(SolutionProperties) = preSolution
		HideSolutionNode = FALSE
	EndGlobalSection
	GlobalSection(ExtensibilityGlobals) = postSolution
		SolutionGuid = {769CD038-7242-4659-8E36-9482C5FD5983}
	EndGlobalSection
EndGlobal
